
Microsoft Visual Studio Solution File, Format Version 12.00
# Visual Studio Version 17
VisualStudioVersion = 17.9.34616.47
MinimumVisualStudioVersion = 10.0.40219.1
Project("{8BC9CEB8-8B4A-11D0-8D11-00A0C91BC942}") = "CameraPresets", "CameraPresets\CameraPresets.vcxproj", "{CE5F1739-B7F8-484D-AAA2-155DFB477C71}"
EndProject
Global
	GlobalSection(SolutionConfigurationPlatforms) = preSolution
		Release|x64 = Release|x64
	EndGlobalSection
	GlobalSection(ProjectConfigurationPlatforms) = postSolution
		{CE5F1739-B7F8-484D-AAA2-155DFB477C71}.Release|x64.ActiveCfg = Release|x64
		{CE5F1739-B7F8-484D-AAA2-155DFB477C71}.Release|x64.Build.0 = Release|x64
	EndGlobalSection
	GlobalSection(SolutionProperties) = preSolution
		HideSolutionNode = FALSE
	EndGlobalSection
	GlobalSection(ExtensibilityGlobals) = postSolution
		SolutionGuid = {E43ED2D5-14FD-40D8-A519-8F73CF66CE7A}
	EndGlobalSection
EndGlobal
